
Microsoft Visual Studio Solution File, Format Version 12.00
# Visual Studio Version 17
VisualStudioVersion = 17.13.35825.156 d17.13
MinimumVisualStudioVersion = 10.0.40219.1
Project("{FAE04EC0-301F-11D3-BF4B-00C04F79EFBC}") = "10453370_POE_WebApp", "10453370_POE_WebApp.csproj", "{89194CCF-4644-439F-BE71-E37E438366B8}"
EndProject
Global
	GlobalSection(SolutionConfigurationPlatforms) = preSolution
		Debug|Any CPU = Debug|Any CPU
		Release|Any CPU = Release|Any CPU
	EndGlobalSection
	GlobalSection(ProjectConfigurationPlatforms) = postSolution
		{89194CCF-4644-439F-BE71-E37E438366B8}.Debug|Any CPU.ActiveCfg = Debug|Any CPU
		{89194CCF-4644-439F-BE71-E37E438366B8}.Debug|Any CPU.Build.0 = Debug|Any CPU
		{89194CCF-4644-439F-BE71-E37E438366B8}.Release|Any CPU.ActiveCfg = Release|Any CPU
		{89194CCF-4644-439F-BE71-E37E438366B8}.Release|Any CPU.Build.0 = Release|Any CPU
	EndGlobalSection
	GlobalSection(SolutionProperties) = preSolution
		HideSolutionNode = FALSE
	EndGlobalSection
	GlobalSection(ExtensibilityGlobals) = postSolution
		SolutionGuid = {0FB62299-01E9-4BC0-B6BF-165CDCE3D6F9}
	EndGlobalSection
EndGlobal
